// !$*UTF8*$!
{
	archiveVersion = 1;
	classes = {
	};
	objectVersion = 56;
	objects = {

/* Begin PBXBuildFile section */
		930ECEDD2A6AD36D00838D83 /* XCTestCase+MemoryLeak.swift in Sources */ = {isa = PBXBuildFile; fileRef = 930ECEDC2A6AD36D00838D83 /* XCTestCase+MemoryLeak.swift */; };
		931A5D762A72888F00F123DA /* AuthenticationAPIEndToEndTests.swift in Sources */ = {isa = PBXBuildFile; fileRef = 931A5D752A72888F00F123DA /* AuthenticationAPIEndToEndTests.swift */; };
		931A5D772A72888F00F123DA /* Authentication.framework in Frameworks */ = {isa = PBXBuildFile; fileRef = 93C40E4F2A438C8200A5AA89 /* Authentication.framework */; };
		931A5D7E2A7289BC00F123DA /* URLSessionNetworkClient.swift in Sources */ = {isa = PBXBuildFile; fileRef = 931A5D7D2A7289BC00F123DA /* URLSessionNetworkClient.swift */; };
		934C892E2A461BCD00E2C107 /* TokenServiceTests.swift in Sources */ = {isa = PBXBuildFile; fileRef = 934C892D2A461BCD00E2C107 /* TokenServiceTests.swift */; };
		934C89302A462E9E00E2C107 /* RefreshTokenProvider.swift in Sources */ = {isa = PBXBuildFile; fileRef = 934C892F2A462E9E00E2C107 /* RefreshTokenProvider.swift */; };
		934C89332A462EC800E2C107 /* TokenRefresher.swift in Sources */ = {isa = PBXBuildFile; fileRef = 934C89322A462EC800E2C107 /* TokenRefresher.swift */; };
		934C89362A4630DA00E2C107 /* TokenService.swift in Sources */ = {isa = PBXBuildFile; fileRef = 934C89352A4630DA00E2C107 /* TokenService.swift */; };
		934C89392A46311E00E2C107 /* NetworkClient.swift in Sources */ = {isa = PBXBuildFile; fileRef = 934C89382A46311E00E2C107 /* NetworkClient.swift */; };
		934C893B2A46312400E2C107 /* Request.swift in Sources */ = {isa = PBXBuildFile; fileRef = 934C893A2A46312400E2C107 /* Request.swift */; };
		935677912A5B0A3000DC7646 /* URLSessionNetworkClientTests.swift in Sources */ = {isa = PBXBuildFile; fileRef = 935677902A5B0A3000DC7646 /* URLSessionNetworkClientTests.swift */; };
		939C61292A5367F4005EEAA5 /* AccessTokenMapper.swift in Sources */ = {isa = PBXBuildFile; fileRef = 939C61282A5367F4005EEAA5 /* AccessTokenMapper.swift */; };
		939C612B2A536808005EEAA5 /* AccessTokenErrorMapper.swift in Sources */ = {isa = PBXBuildFile; fileRef = 939C612A2A536808005EEAA5 /* AccessTokenErrorMapper.swift */; };
		93C40E542A438C8200A5AA89 /* Authentication.docc in Sources */ = {isa = PBXBuildFile; fileRef = 93C40E532A438C8200A5AA89 /* Authentication.docc */; };
		93C40E5A2A438C8200A5AA89 /* Authentication.framework in Frameworks */ = {isa = PBXBuildFile; fileRef = 93C40E4F2A438C8200A5AA89 /* Authentication.framework */; };
		93C40E602A438C8200A5AA89 /* Authentication.h in Headers */ = {isa = PBXBuildFile; fileRef = 93C40E522A438C8200A5AA89 /* Authentication.h */; settings = {ATTRIBUTES = (Public, ); }; };
/* End PBXBuildFile section */

/* Begin PBXContainerItemProxy section */
		931A5D782A72888F00F123DA /* PBXContainerItemProxy */ = {
			isa = PBXContainerItemProxy;
			containerPortal = 93C40E462A438C8200A5AA89 /* Project object */;
			proxyType = 1;
			remoteGlobalIDString = 93C40E4E2A438C8200A5AA89;
			remoteInfo = Authentication;
		};
		93C40E5B2A438C8200A5AA89 /* PBXContainerItemProxy */ = {
			isa = PBXContainerItemProxy;
			containerPortal = 93C40E462A438C8200A5AA89 /* Project object */;
			proxyType = 1;
			remoteGlobalIDString = 93C40E4E2A438C8200A5AA89;
			remoteInfo = Authentication;
		};
/* End PBXContainerItemProxy section */

/* Begin PBXFileReference section */
		930ECEDC2A6AD36D00838D83 /* XCTestCase+MemoryLeak.swift */ = {isa = PBXFileReference; lastKnownFileType = sourcecode.swift; path = "XCTestCase+MemoryLeak.swift"; sourceTree = "<group>"; };
		931A5D732A72888F00F123DA /* AuthenticationAPIEndToEndTests.xctest */ = {isa = PBXFileReference; explicitFileType = wrapper.cfbundle; includeInIndex = 0; path = AuthenticationAPIEndToEndTests.xctest; sourceTree = BUILT_PRODUCTS_DIR; };
		931A5D752A72888F00F123DA /* AuthenticationAPIEndToEndTests.swift */ = {isa = PBXFileReference; lastKnownFileType = sourcecode.swift; path = AuthenticationAPIEndToEndTests.swift; sourceTree = "<group>"; };
		931A5D7D2A7289BC00F123DA /* URLSessionNetworkClient.swift */ = {isa = PBXFileReference; lastKnownFileType = sourcecode.swift; path = URLSessionNetworkClient.swift; sourceTree = "<group>"; };
		934C892D2A461BCD00E2C107 /* TokenServiceTests.swift */ = {isa = PBXFileReference; lastKnownFileType = sourcecode.swift; path = TokenServiceTests.swift; sourceTree = "<group>"; };
		934C892F2A462E9E00E2C107 /* RefreshTokenProvider.swift */ = {isa = PBXFileReference; lastKnownFileType = sourcecode.swift; path = RefreshTokenProvider.swift; sourceTree = "<group>"; };
		934C89322A462EC800E2C107 /* TokenRefresher.swift */ = {isa = PBXFileReference; lastKnownFileType = sourcecode.swift; path = TokenRefresher.swift; sourceTree = "<group>"; };
		934C89352A4630DA00E2C107 /* TokenService.swift */ = {isa = PBXFileReference; lastKnownFileType = sourcecode.swift; path = TokenService.swift; sourceTree = "<group>"; };
		934C89382A46311E00E2C107 /* NetworkClient.swift */ = {isa = PBXFileReference; lastKnownFileType = sourcecode.swift; path = NetworkClient.swift; sourceTree = "<group>"; };
		934C893A2A46312400E2C107 /* Request.swift */ = {isa = PBXFileReference; lastKnownFileType = sourcecode.swift; path = Request.swift; sourceTree = "<group>"; };
		935677902A5B0A3000DC7646 /* URLSessionNetworkClientTests.swift */ = {isa = PBXFileReference; lastKnownFileType = sourcecode.swift; path = URLSessionNetworkClientTests.swift; sourceTree = "<group>"; };
		939C61282A5367F4005EEAA5 /* AccessTokenMapper.swift */ = {isa = PBXFileReference; lastKnownFileType = sourcecode.swift; path = AccessTokenMapper.swift; sourceTree = "<group>"; };
		939C612A2A536808005EEAA5 /* AccessTokenErrorMapper.swift */ = {isa = PBXFileReference; lastKnownFileType = sourcecode.swift; path = AccessTokenErrorMapper.swift; sourceTree = "<group>"; };
		93C40E4F2A438C8200A5AA89 /* Authentication.framework */ = {isa = PBXFileReference; explicitFileType = wrapper.framework; includeInIndex = 0; path = Authentication.framework; sourceTree = BUILT_PRODUCTS_DIR; };
		93C40E522A438C8200A5AA89 /* Authentication.h */ = {isa = PBXFileReference; lastKnownFileType = sourcecode.c.h; path = Authentication.h; sourceTree = "<group>"; };
		93C40E532A438C8200A5AA89 /* Authentication.docc */ = {isa = PBXFileReference; lastKnownFileType = folder.documentationcatalog; path = Authentication.docc; sourceTree = "<group>"; };
		93C40E592A438C8200A5AA89 /* AuthenticationTests.xctest */ = {isa = PBXFileReference; explicitFileType = wrapper.cfbundle; includeInIndex = 0; path = AuthenticationTests.xctest; sourceTree = BUILT_PRODUCTS_DIR; };
/* End PBXFileReference section */

/* Begin PBXFrameworksBuildPhase section */
		931A5D702A72888F00F123DA /* Frameworks */ = {
			isa = PBXFrameworksBuildPhase;
			buildActionMask = 2147483647;
			files = (
				931A5D772A72888F00F123DA /* Authentication.framework in Frameworks */,
			);
			runOnlyForDeploymentPostprocessing = 0;
		};
		93C40E4C2A438C8200A5AA89 /* Frameworks */ = {
			isa = PBXFrameworksBuildPhase;
			buildActionMask = 2147483647;
			files = (
			);
			runOnlyForDeploymentPostprocessing = 0;
		};
		93C40E562A438C8200A5AA89 /* Frameworks */ = {
			isa = PBXFrameworksBuildPhase;
			buildActionMask = 2147483647;
			files = (
				93C40E5A2A438C8200A5AA89 /* Authentication.framework in Frameworks */,
			);
			runOnlyForDeploymentPostprocessing = 0;
		};
/* End PBXFrameworksBuildPhase section */

/* Begin PBXGroup section */
		930ECEDB2A6AD34B00838D83 /* Helpers */ = {
			isa = PBXGroup;
			children = (
				930ECEDC2A6AD36D00838D83 /* XCTestCase+MemoryLeak.swift */,
			);
			path = Helpers;
			sourceTree = "<group>";
		};
		931A5D742A72888F00F123DA /* AuthenticationAPIEndToEndTests */ = {
			isa = PBXGroup;
			children = (
				931A5D752A72888F00F123DA /* AuthenticationAPIEndToEndTests.swift */,
			);
			path = AuthenticationAPIEndToEndTests;
			sourceTree = "<group>";
		};
		934C89312A462EAF00E2C107 /* Token Management */ = {
			isa = PBXGroup;
			children = (
				934C892F2A462E9E00E2C107 /* RefreshTokenProvider.swift */,
				934C89322A462EC800E2C107 /* TokenRefresher.swift */,
				934C89352A4630DA00E2C107 /* TokenService.swift */,
				939C61282A5367F4005EEAA5 /* AccessTokenMapper.swift */,
				939C612A2A536808005EEAA5 /* AccessTokenErrorMapper.swift */,
			);
			path = "Token Management";
			sourceTree = "<group>";
		};
		934C89372A46310F00E2C107 /* Networking */ = {
			isa = PBXGroup;
			children = (
				934C89382A46311E00E2C107 /* NetworkClient.swift */,
				934C893A2A46312400E2C107 /* Request.swift */,
				931A5D7D2A7289BC00F123DA /* URLSessionNetworkClient.swift */,
			);
			path = Networking;
			sourceTree = "<group>";
		};
		93C40E452A438C8200A5AA89 = {
			isa = PBXGroup;
			children = (
				93C40E512A438C8200A5AA89 /* Authentication */,
				93C40E5D2A438C8200A5AA89 /* AuthenticationTests */,
				931A5D742A72888F00F123DA /* AuthenticationAPIEndToEndTests */,
				93C40E502A438C8200A5AA89 /* Products */,
			);
			sourceTree = "<group>";
		};
		93C40E502A438C8200A5AA89 /* Products */ = {
			isa = PBXGroup;
			children = (
				93C40E4F2A438C8200A5AA89 /* Authentication.framework */,
				93C40E592A438C8200A5AA89 /* AuthenticationTests.xctest */,
				931A5D732A72888F00F123DA /* AuthenticationAPIEndToEndTests.xctest */,
			);
			name = Products;
			sourceTree = "<group>";
		};
		93C40E512A438C8200A5AA89 /* Authentication */ = {
			isa = PBXGroup;
			children = (
				934C89372A46310F00E2C107 /* Networking */,
				934C89312A462EAF00E2C107 /* Token Management */,
				93C40E522A438C8200A5AA89 /* Authentication.h */,
				93C40E532A438C8200A5AA89 /* Authentication.docc */,
			);
			path = Authentication;
			sourceTree = "<group>";
		};
		93C40E5D2A438C8200A5AA89 /* AuthenticationTests */ = {
			isa = PBXGroup;
			children = (
				930ECEDB2A6AD34B00838D83 /* Helpers */,
				934C892D2A461BCD00E2C107 /* TokenServiceTests.swift */,
				935677902A5B0A3000DC7646 /* URLSessionNetworkClientTests.swift */,
			);
			path = AuthenticationTests;
			sourceTree = "<group>";
		};
/* End PBXGroup section */

/* Begin PBXHeadersBuildPhase section */
		93C40E4A2A438C8200A5AA89 /* Headers */ = {
			isa = PBXHeadersBuildPhase;
			buildActionMask = 2147483647;
			files = (
				93C40E602A438C8200A5AA89 /* Authentication.h in Headers */,
			);
			runOnlyForDeploymentPostprocessing = 0;
		};
/* End PBXHeadersBuildPhase section */

/* Begin PBXNativeTarget section */
		931A5D722A72888F00F123DA /* AuthenticationAPIEndToEndTests */ = {
			isa = PBXNativeTarget;
			buildConfigurationList = 931A5D7C2A72888F00F123DA /* Build configuration list for PBXNativeTarget "AuthenticationAPIEndToEndTests" */;
			buildPhases = (
				931A5D6F2A72888F00F123DA /* Sources */,
				931A5D702A72888F00F123DA /* Frameworks */,
				931A5D712A72888F00F123DA /* Resources */,
			);
			buildRules = (
			);
			dependencies = (
				931A5D792A72888F00F123DA /* PBXTargetDependency */,
			);
			name = AuthenticationAPIEndToEndTests;
			productName = AuthenticationAPIEndToEndTests;
			productReference = 931A5D732A72888F00F123DA /* AuthenticationAPIEndToEndTests.xctest */;
			productType = "com.apple.product-type.bundle.unit-test";
		};
		93C40E4E2A438C8200A5AA89 /* Authentication */ = {
			isa = PBXNativeTarget;
			buildConfigurationList = 93C40E632A438C8200A5AA89 /* Build configuration list for PBXNativeTarget "Authentication" */;
			buildPhases = (
				93C40E4A2A438C8200A5AA89 /* Headers */,
				93C40E4B2A438C8200A5AA89 /* Sources */,
				93C40E4C2A438C8200A5AA89 /* Frameworks */,
				93C40E4D2A438C8200A5AA89 /* Resources */,
			);
			buildRules = (
			);
			dependencies = (
			);
			name = Authentication;
			packageProductDependencies = (
			);
			productName = Authentication;
			productReference = 93C40E4F2A438C8200A5AA89 /* Authentication.framework */;
			productType = "com.apple.product-type.framework";
		};
		93C40E582A438C8200A5AA89 /* AuthenticationTests */ = {
			isa = PBXNativeTarget;
			buildConfigurationList = 93C40E662A438C8200A5AA89 /* Build configuration list for PBXNativeTarget "AuthenticationTests" */;
			buildPhases = (
				93C40E552A438C8200A5AA89 /* Sources */,
				93C40E562A438C8200A5AA89 /* Frameworks */,
				93C40E572A438C8200A5AA89 /* Resources */,
			);
			buildRules = (
			);
			dependencies = (
				93C40E5C2A438C8200A5AA89 /* PBXTargetDependency */,
			);
			name = AuthenticationTests;
			productName = AuthenticationTests;
			productReference = 93C40E592A438C8200A5AA89 /* AuthenticationTests.xctest */;
			productType = "com.apple.product-type.bundle.unit-test";
		};
/* End PBXNativeTarget section */

/* Begin PBXProject section */
		93C40E462A438C8200A5AA89 /* Project object */ = {
			isa = PBXProject;
			attributes = {
				BuildIndependentTargetsInParallel = 1;
				LastSwiftUpdateCheck = 1420;
				LastUpgradeCheck = 1420;
				TargetAttributes = {
					931A5D722A72888F00F123DA = {
						CreatedOnToolsVersion = 14.2;
					};
					93C40E4E2A438C8200A5AA89 = {
						CreatedOnToolsVersion = 14.2;
					};
					93C40E582A438C8200A5AA89 = {
						CreatedOnToolsVersion = 14.2;
					};
				};
			};
			buildConfigurationList = 93C40E492A438C8200A5AA89 /* Build configuration list for PBXProject "Authentication" */;
			compatibilityVersion = "Xcode 14.0";
			developmentRegion = en;
			hasScannedForEncodings = 0;
			knownRegions = (
				en,
				Base,
			);
			mainGroup = 93C40E452A438C8200A5AA89;
			packageReferences = (
			);
			productRefGroup = 93C40E502A438C8200A5AA89 /* Products */;
			projectDirPath = "";
			projectRoot = "";
			targets = (
				93C40E4E2A438C8200A5AA89 /* Authentication */,
				93C40E582A438C8200A5AA89 /* AuthenticationTests */,
				931A5D722A72888F00F123DA /* AuthenticationAPIEndToEndTests */,
			);
		};
/* End PBXProject section */

/* Begin PBXResourcesBuildPhase section */
		931A5D712A72888F00F123DA /* Resources */ = {
			isa = PBXResourcesBuildPhase;
			buildActionMask = 2147483647;
			files = (
			);
			runOnlyForDeploymentPostprocessing = 0;
		};
		93C40E4D2A438C8200A5AA89 /* Resources */ = {
			isa = PBXResourcesBuildPhase;
			buildActionMask = 2147483647;
			files = (
			);
			runOnlyForDeploymentPostprocessing = 0;
		};
		93C40E572A438C8200A5AA89 /* Resources */ = {
			isa = PBXResourcesBuildPhase;
			buildActionMask = 2147483647;
			files = (
			);
			runOnlyForDeploymentPostprocessing = 0;
		};
/* End PBXResourcesBuildPhase section */

/* Begin PBXSourcesBuildPhase section */
		931A5D6F2A72888F00F123DA /* Sources */ = {
			isa = PBXSourcesBuildPhase;
			buildActionMask = 2147483647;
			files = (
				931A5D762A72888F00F123DA /* AuthenticationAPIEndToEndTests.swift in Sources */,
			);
			runOnlyForDeploymentPostprocessing = 0;
		};
		93C40E4B2A438C8200A5AA89 /* Sources */ = {
			isa = PBXSourcesBuildPhase;
			buildActionMask = 2147483647;
			files = (
				934C89332A462EC800E2C107 /* TokenRefresher.swift in Sources */,
				939C612B2A536808005EEAA5 /* AccessTokenErrorMapper.swift in Sources */,
				934C893B2A46312400E2C107 /* Request.swift in Sources */,
				931A5D7E2A7289BC00F123DA /* URLSessionNetworkClient.swift in Sources */,
				934C89392A46311E00E2C107 /* NetworkClient.swift in Sources */,
				939C61292A5367F4005EEAA5 /* AccessTokenMapper.swift in Sources */,
				93C40E542A438C8200A5AA89 /* Authentication.docc in Sources */,
				934C89302A462E9E00E2C107 /* RefreshTokenProvider.swift in Sources */,
				934C89362A4630DA00E2C107 /* TokenService.swift in Sources */,
			);
			runOnlyForDeploymentPostprocessing = 0;
		};
		93C40E552A438C8200A5AA89 /* Sources */ = {
			isa = PBXSourcesBuildPhase;
			buildActionMask = 2147483647;
			files = (
				935677912A5B0A3000DC7646 /* URLSessionNetworkClientTests.swift in Sources */,
				930ECEDD2A6AD36D00838D83 /* XCTestCase+MemoryLeak.swift in Sources */,
				934C892E2A461BCD00E2C107 /* TokenServiceTests.swift in Sources */,
			);
			runOnlyForDeploymentPostprocessing = 0;
		};
/* End PBXSourcesBuildPhase section */

/* Begin PBXTargetDependency section */
		931A5D792A72888F00F123DA /* PBXTargetDependency */ = {
			isa = PBXTargetDependency;
			target = 93C40E4E2A438C8200A5AA89 /* Authentication */;
			targetProxy = 931A5D782A72888F00F123DA /* PBXContainerItemProxy */;
		};
		93C40E5C2A438C8200A5AA89 /* PBXTargetDependency */ = {
			isa = PBXTargetDependency;
			target = 93C40E4E2A438C8200A5AA89 /* Authentication */;
			targetProxy = 93C40E5B2A438C8200A5AA89 /* PBXContainerItemProxy */;
		};
/* End PBXTargetDependency section */

/* Begin XCBuildConfiguration section */
		931A5D7A2A72888F00F123DA /* Debug */ = {
			isa = XCBuildConfiguration;
			buildSettings = {
				CODE_SIGN_STYLE = Automatic;
				CURRENT_PROJECT_VERSION = 1;
				GENERATE_INFOPLIST_FILE = YES;
				MARKETING_VERSION = 1.0;
				PRODUCT_BUNDLE_IDENTIFIER = com.ardonat.AuthenticationAPIEndToEndTests;
				PRODUCT_NAME = "$(TARGET_NAME)";
				SWIFT_EMIT_LOC_STRINGS = NO;
				SWIFT_VERSION = 5.0;
			};
			name = Debug;
		};
		931A5D7B2A72888F00F123DA /* Release */ = {
			isa = XCBuildConfiguration;
			buildSettings = {
				CODE_SIGN_STYLE = Automatic;
				CURRENT_PROJECT_VERSION = 1;
				GENERATE_INFOPLIST_FILE = YES;
				MARKETING_VERSION = 1.0;
				PRODUCT_BUNDLE_IDENTIFIER = com.ardonat.AuthenticationAPIEndToEndTests;
				PRODUCT_NAME = "$(TARGET_NAME)";
				SWIFT_EMIT_LOC_STRINGS = NO;
				SWIFT_VERSION = 5.0;
			};
			name = Release;
		};
		93C40E612A438C8200A5AA89 /* Debug */ = {
			isa = XCBuildConfiguration;
			buildSettings = {
				ALWAYS_SEARCH_USER_PATHS = NO;
				CLANG_ANALYZER_NONNULL = YES;
				CLANG_ANALYZER_NUMBER_OBJECT_CONVERSION = YES_AGGRESSIVE;
				CLANG_CXX_LANGUAGE_STANDARD = "gnu++20";
				CLANG_ENABLE_MODULES = YES;
				CLANG_ENABLE_OBJC_ARC = YES;
				CLANG_ENABLE_OBJC_WEAK = YES;
				CLANG_WARN_BLOCK_CAPTURE_AUTORELEASING = YES;
				CLANG_WARN_BOOL_CONVERSION = YES;
				CLANG_WARN_COMMA = YES;
				CLANG_WARN_CONSTANT_CONVERSION = YES;
				CLANG_WARN_DEPRECATED_OBJC_IMPLEMENTATIONS = YES;
				CLANG_WARN_DIRECT_OBJC_ISA_USAGE = YES_ERROR;
				CLANG_WARN_DOCUMENTATION_COMMENTS = YES;
				CLANG_WARN_EMPTY_BODY = YES;
				CLANG_WARN_ENUM_CONVERSION = YES;
				CLANG_WARN_INFINITE_RECURSION = YES;
				CLANG_WARN_INT_CONVERSION = YES;
				CLANG_WARN_NON_LITERAL_NULL_CONVERSION = YES;
				CLANG_WARN_OBJC_IMPLICIT_RETAIN_SELF = YES;
				CLANG_WARN_OBJC_LITERAL_CONVERSION = YES;
				CLANG_WARN_OBJC_ROOT_CLASS = YES_ERROR;
				CLANG_WARN_QUOTED_INCLUDE_IN_FRAMEWORK_HEADER = YES;
				CLANG_WARN_RANGE_LOOP_ANALYSIS = YES;
				CLANG_WARN_STRICT_PROTOTYPES = YES;
				CLANG_WARN_SUSPICIOUS_MOVE = YES;
				CLANG_WARN_UNGUARDED_AVAILABILITY = YES_AGGRESSIVE;
				CLANG_WARN_UNREACHABLE_CODE = YES;
				CLANG_WARN__DUPLICATE_METHOD_MATCH = YES;
				COPY_PHASE_STRIP = NO;
				CURRENT_PROJECT_VERSION = 1;
				DEBUG_INFORMATION_FORMAT = dwarf;
				ENABLE_STRICT_OBJC_MSGSEND = YES;
				ENABLE_TESTABILITY = YES;
				GCC_C_LANGUAGE_STANDARD = gnu11;
				GCC_DYNAMIC_NO_PIC = NO;
				GCC_NO_COMMON_BLOCKS = YES;
				GCC_OPTIMIZATION_LEVEL = 0;
				GCC_PREPROCESSOR_DEFINITIONS = (
					"DEBUG=1",
					"$(inherited)",
				);
				GCC_WARN_64_TO_32_BIT_CONVERSION = YES;
				GCC_WARN_ABOUT_RETURN_TYPE = YES_ERROR;
				GCC_WARN_UNDECLARED_SELECTOR = YES;
				GCC_WARN_UNINITIALIZED_AUTOS = YES_AGGRESSIVE;
				GCC_WARN_UNUSED_FUNCTION = YES;
				GCC_WARN_UNUSED_VARIABLE = YES;
				MACOSX_DEPLOYMENT_TARGET = 13.1;
				MTL_ENABLE_DEBUG_INFO = INCLUDE_SOURCE;
				MTL_FAST_MATH = YES;
				ONLY_ACTIVE_ARCH = YES;
				SDKROOT = macosx;
				SWIFT_ACTIVE_COMPILATION_CONDITIONS = DEBUG;
				SWIFT_OPTIMIZATION_LEVEL = "-Onone";
				VERSIONING_SYSTEM = "apple-generic";
				VERSION_INFO_PREFIX = "";
			};
			name = Debug;
		};
		93C40E622A438C8200A5AA89 /* Release */ = {
			isa = XCBuildConfiguration;
			buildSettings = {
				ALWAYS_SEARCH_USER_PATHS = NO;
				CLANG_ANALYZER_NONNULL = YES;
				CLANG_ANALYZER_NUMBER_OBJECT_CONVERSION = YES_AGGRESSIVE;
				CLANG_CXX_LANGUAGE_STANDARD = "gnu++20";
				CLANG_ENABLE_MODULES = YES;
				CLANG_ENABLE_OBJC_ARC = YES;
				CLANG_ENABLE_OBJC_WEAK = YES;
				CLANG_WARN_BLOCK_CAPTURE_AUTORELEASING = YES;
				CLANG_WARN_BOOL_CONVERSION = YES;
				CLANG_WARN_COMMA = YES;
				CLANG_WARN_CONSTANT_CONVERSION = YES;
				CLANG_WARN_DEPRECATED_OBJC_IMPLEMENTATIONS = YES;
				CLANG_WARN_DIRECT_OBJC_ISA_USAGE = YES_ERROR;
				CLANG_WARN_DOCUMENTATION_COMMENTS = YES;
				CLANG_WARN_EMPTY_BODY = YES;
				CLANG_WARN_ENUM_CONVERSION = YES;
				CLANG_WARN_INFINITE_RECURSION = YES;
				CLANG_WARN_INT_CONVERSION = YES;
				CLANG_WARN_NON_LITERAL_NULL_CONVERSION = YES;
				CLANG_WARN_OBJC_IMPLICIT_RETAIN_SELF = YES;
				CLANG_WARN_OBJC_LITERAL_CONVERSION = YES;
				CLANG_WARN_OBJC_ROOT_CLASS = YES_ERROR;
				CLANG_WARN_QUOTED_INCLUDE_IN_FRAMEWORK_HEADER = YES;
				CLANG_WARN_RANGE_LOOP_ANALYSIS = YES;
				CLANG_WARN_STRICT_PROTOTYPES = YES;
				CLANG_WARN_SUSPICIOUS_MOVE = YES;
				CLANG_WARN_UNGUARDED_AVAILABILITY = YES_AGGRESSIVE;
				CLANG_WARN_UNREACHABLE_CODE = YES;
				CLANG_WARN__DUPLICATE_METHOD_MATCH = YES;
				COPY_PHASE_STRIP = NO;
				CURRENT_PROJECT_VERSION = 1;
				DEBUG_INFORMATION_FORMAT = "dwarf-with-dsym";
				ENABLE_NS_ASSERTIONS = NO;
				ENABLE_STRICT_OBJC_MSGSEND = YES;
				GCC_C_LANGUAGE_STANDARD = gnu11;
				GCC_NO_COMMON_BLOCKS = YES;
				GCC_WARN_64_TO_32_BIT_CONVERSION = YES;
				GCC_WARN_ABOUT_RETURN_TYPE = YES_ERROR;
				GCC_WARN_UNDECLARED_SELECTOR = YES;
				GCC_WARN_UNINITIALIZED_AUTOS = YES_AGGRESSIVE;
				GCC_WARN_UNUSED_FUNCTION = YES;
				GCC_WARN_UNUSED_VARIABLE = YES;
				MACOSX_DEPLOYMENT_TARGET = 13.1;
				MTL_ENABLE_DEBUG_INFO = NO;
				MTL_FAST_MATH = YES;
				SDKROOT = macosx;
				SWIFT_COMPILATION_MODE = wholemodule;
				SWIFT_OPTIMIZATION_LEVEL = "-O";
				VERSIONING_SYSTEM = "apple-generic";
				VERSION_INFO_PREFIX = "";
			};
			name = Release;
		};
		93C40E642A438C8200A5AA89 /* Debug */ = {
			isa = XCBuildConfiguration;
			buildSettings = {
				CODE_SIGN_STYLE = Automatic;
				COMBINE_HIDPI_IMAGES = YES;
				CURRENT_PROJECT_VERSION = 1;
				DEFINES_MODULE = YES;
				DYLIB_COMPATIBILITY_VERSION = 1;
				DYLIB_CURRENT_VERSION = 1;
				DYLIB_INSTALL_NAME_BASE = "@rpath";
				GENERATE_INFOPLIST_FILE = YES;
				INFOPLIST_KEY_NSHumanReadableCopyright = "";
				INSTALL_PATH = "$(LOCAL_LIBRARY_DIR)/Frameworks";
				LD_RUNPATH_SEARCH_PATHS = (
					"$(inherited)",
					"@executable_path/../Frameworks",
					"@loader_path/Frameworks",
				);
				MARKETING_VERSION = 1.0;
				PRODUCT_BUNDLE_IDENTIFIER = com.ardonat.Authentication;
				PRODUCT_NAME = "$(TARGET_NAME:c99extidentifier)";
				SKIP_INSTALL = YES;
				SWIFT_EMIT_LOC_STRINGS = YES;
				SWIFT_VERSION = 5.0;
			};
			name = Debug;
		};
		93C40E652A438C8200A5AA89 /* Release */ = {
			isa = XCBuildConfiguration;
			buildSettings = {
				CODE_SIGN_STYLE = Automatic;
				COMBINE_HIDPI_IMAGES = YES;
				CURRENT_PROJECT_VERSION = 1;
				DEFINES_MODULE = YES;
				DYLIB_COMPATIBILITY_VERSION = 1;
				DYLIB_CURRENT_VERSION = 1;
				DYLIB_INSTALL_NAME_BASE = "@rpath";
				GENERATE_INFOPLIST_FILE = YES;
				INFOPLIST_KEY_NSHumanReadableCopyright = "";
				INSTALL_PATH = "$(LOCAL_LIBRARY_DIR)/Frameworks";
				LD_RUNPATH_SEARCH_PATHS = (
					"$(inherited)",
					"@executable_path/../Frameworks",
					"@loader_path/Frameworks",
				);
				MARKETING_VERSION = 1.0;
				PRODUCT_BUNDLE_IDENTIFIER = com.ardonat.Authentication;
				PRODUCT_NAME = "$(TARGET_NAME:c99extidentifier)";
				SKIP_INSTALL = YES;
				SWIFT_EMIT_LOC_STRINGS = YES;
				SWIFT_VERSION = 5.0;
			};
			name = Release;
		};
		93C40E672A438C8200A5AA89 /* Debug */ = {
			isa = XCBuildConfiguration;
			buildSettings = {
				ALWAYS_EMBED_SWIFT_STANDARD_LIBRARIES = YES;
				CODE_SIGN_STYLE = Automatic;
				CURRENT_PROJECT_VERSION = 1;
				GENERATE_INFOPLIST_FILE = YES;
				MARKETING_VERSION = 1.0;
				PRODUCT_BUNDLE_IDENTIFIER = com.ardonat.AuthenticationTests;
				PRODUCT_NAME = "$(TARGET_NAME)";
				SWIFT_EMIT_LOC_STRINGS = NO;
				SWIFT_VERSION = 5.0;
			};
			name = Debug;
		};
		93C40E682A438C8200A5AA89 /* Release */ = {
			isa = XCBuildConfiguration;
			buildSettings = {
				ALWAYS_EMBED_SWIFT_STANDARD_LIBRARIES = YES;
				CODE_SIGN_STYLE = Automatic;
				CURRENT_PROJECT_VERSION = 1;
				GENERATE_INFOPLIST_FILE = YES;
				MARKETING_VERSION = 1.0;
				PRODUCT_BUNDLE_IDENTIFIER = com.ardonat.AuthenticationTests;
				PRODUCT_NAME = "$(TARGET_NAME)";
				SWIFT_EMIT_LOC_STRINGS = NO;
				SWIFT_VERSION = 5.0;
			};
			name = Release;
		};
/* End XCBuildConfiguration section */

/* Begin XCConfigurationList section */
		931A5D7C2A72888F00F123DA /* Build configuration list for PBXNativeTarget "AuthenticationAPIEndToEndTests" */ = {
			isa = XCConfigurationList;
			buildConfigurations = (
				931A5D7A2A72888F00F123DA /* Debug */,
				931A5D7B2A72888F00F123DA /* Release */,
			);
			defaultConfigurationIsVisible = 0;
			defaultConfigurationName = Release;
		};
		93C40E492A438C8200A5AA89 /* Build configuration list for PBXProject "Authentication" */ = {
			isa = XCConfigurationList;
			buildConfigurations = (
				93C40E612A438C8200A5AA89 /* Debug */,
				93C40E622A438C8200A5AA89 /* Release */,
			);
			defaultConfigurationIsVisible = 0;
			defaultConfigurationName = Release;
		};
		93C40E632A438C8200A5AA89 /* Build configuration list for PBXNativeTarget "Authentication" */ = {
			isa = XCConfigurationList;
			buildConfigurations = (
				93C40E642A438C8200A5AA89 /* Debug */,
				93C40E652A438C8200A5AA89 /* Release */,
			);
			defaultConfigurationIsVisible = 0;
			defaultConfigurationName = Release;
		};
		93C40E662A438C8200A5AA89 /* Build configuration list for PBXNativeTarget "AuthenticationTests" */ = {
			isa = XCConfigurationList;
			buildConfigurations = (
				93C40E672A438C8200A5AA89 /* Debug */,
				93C40E682A438C8200A5AA89 /* Release */,
			);
			defaultConfigurationIsVisible = 0;
			defaultConfigurationName = Release;
		};
/* End XCConfigurationList section */
	};
	rootObject = 93C40E462A438C8200A5AA89 /* Project object */;
}
